// !$*UTF8*$!
{
	archiveVersion = 1;
	classes = {
	};
	objectVersion = 50;
	objects = {

/* Begin PBXBuildFile section */
		0F847A22E1DD7234A321DCEF /* Pods_DineMe_Waiter.framework in Frameworks */ = {isa = PBXBuildFile; fileRef = 2D0B7EB918EAD4392D5A802E /* Pods_DineMe_Waiter.framework */; };
		4FB33FBA22415F9000493528 /* WaiterProfileViewController.swift in Sources */ = {isa = PBXBuildFile; fileRef = 4FB33FB922415F9000493528 /* WaiterProfileViewController.swift */; };
		4FB33FBD2241601C00493528 /* Assets.xcassets in Resources */ = {isa = PBXBuildFile; fileRef = 4FB33FBC2241601C00493528 /* Assets.xcassets */; };
		7F24EE722231BB2E00B5676B /* User.swift in Sources */ = {isa = PBXBuildFile; fileRef = 7F24EE712231BB2E00B5676B /* User.swift */; };
		7F336C8722402F8C00247E56 /* Encodable+Decodable.swift in Sources */ = {isa = PBXBuildFile; fileRef = 7F336C8622402F8C00247E56 /* Encodable+Decodable.swift */; };
		7F336C892240747700247E56 /* Table.swift in Sources */ = {isa = PBXBuildFile; fileRef = 7F336C882240747700247E56 /* Table.swift */; };
		7F464E9F22246F71002C2DB5 /* CheckoutViewController.swift in Sources */ = {isa = PBXBuildFile; fileRef = 7F464E9E22246F71002C2DB5 /* CheckoutViewController.swift */; };
		7F464EA122247AD6002C2DB5 /* OrderItemsTableViewCell.swift in Sources */ = {isa = PBXBuildFile; fileRef = 7F464EA022247AD6002C2DB5 /* OrderItemsTableViewCell.swift */; };
		7F464EA52224A8E4002C2DB5 /* OrderItem.swift in Sources */ = {isa = PBXBuildFile; fileRef = 7F464EA42224A8E4002C2DB5 /* OrderItem.swift */; };
		7F464EA72224DC33002C2DB5 /* OrderSummaryView.swift in Sources */ = {isa = PBXBuildFile; fileRef = 7F464EA62224DC33002C2DB5 /* OrderSummaryView.swift */; };
		7F464EAB2224EF30002C2DB5 /* CustomizedView.swift in Sources */ = {isa = PBXBuildFile; fileRef = 7F464EAA2224EF30002C2DB5 /* CustomizedView.swift */; };
		7F464EAF2226EAB3002C2DB5 /* OrderedItemsSummaryTableViewCell.swift in Sources */ = {isa = PBXBuildFile; fileRef = 7F464EAE2226EAB3002C2DB5 /* OrderedItemsSummaryTableViewCell.swift */; };
		7F66861D2204CA3F00639C91 /* AppDelegate.swift in Sources */ = {isa = PBXBuildFile; fileRef = 7F66861C2204CA3F00639C91 /* AppDelegate.swift */; };
		7F66861F2204CA3F00639C91 /* LoginViewController.swift in Sources */ = {isa = PBXBuildFile; fileRef = 7F66861E2204CA3F00639C91 /* LoginViewController.swift */; };
		7F6686222204CA3F00639C91 /* Main.storyboard in Resources */ = {isa = PBXBuildFile; fileRef = 7F6686202204CA3F00639C91 /* Main.storyboard */; };
		7F6686272204CA4200639C91 /* LaunchScreen.storyboard in Resources */ = {isa = PBXBuildFile; fileRef = 7F6686252204CA4200639C91 /* LaunchScreen.storyboard */; };
		7F6686322204CA4200639C91 /* DineMe_WaiterTests.swift in Sources */ = {isa = PBXBuildFile; fileRef = 7F6686312204CA4200639C91 /* DineMe_WaiterTests.swift */; };
		7F66863D2204CA4200639C91 /* DineMe_WaiterUITests.swift in Sources */ = {isa = PBXBuildFile; fileRef = 7F66863C2204CA4200639C91 /* DineMe_WaiterUITests.swift */; };
		7F66864B2204CE1B00639C91 /* GoogleService-Info.plist in Resources */ = {isa = PBXBuildFile; fileRef = 7F66864A2204CE1B00639C91 /* GoogleService-Info.plist */; };
		7F6D08B9220DBC5F00048577 /* MenuCollectionViewCell.swift in Sources */ = {isa = PBXBuildFile; fileRef = 7F6D08B8220DBC5F00048577 /* MenuCollectionViewCell.swift */; };
		7F74E9A0226F8C2300258E29 /* UIViewController.swift in Sources */ = {isa = PBXBuildFile; fileRef = 7F74E99F226F8C2300258E29 /* UIViewController.swift */; };
		7F74E9A2226F8C6E00258E29 /* Restaurant.swift in Sources */ = {isa = PBXBuildFile; fileRef = 7F74E9A1226F8C6E00258E29 /* Restaurant.swift */; };
		7F74E9A4226F8DC200258E29 /* Employee.swift in Sources */ = {isa = PBXBuildFile; fileRef = 7F74E9A3226F8DC200258E29 /* Employee.swift */; };
		7F74E9A6226F8E1700258E29 /* Invite.swift in Sources */ = {isa = PBXBuildFile; fileRef = 7F74E9A5226F8E1700258E29 /* Invite.swift */; };
		7F74E9A9226F8EF200258E29 /* RestaurantViewCell.swift in Sources */ = {isa = PBXBuildFile; fileRef = 7F74E9A8226F8EF200258E29 /* RestaurantViewCell.swift */; };
		7F74E9AB226F8F4A00258E29 /* InvitesTableViewCell.swift in Sources */ = {isa = PBXBuildFile; fileRef = 7F74E9AA226F8F4A00258E29 /* InvitesTableViewCell.swift */; };
		7F74E9AD226F8F7700258E29 /* ButtonStackView.swift in Sources */ = {isa = PBXBuildFile; fileRef = 7F74E9AC226F8F7700258E29 /* ButtonStackView.swift */; };
		7F74E9B0226F99AF00258E29 /* CustomToast.swift in Sources */ = {isa = PBXBuildFile; fileRef = 7F74E9AF226F99AF00258E29 /* CustomToast.swift */; };
		7F74E9B2226F9BB600258E29 /* AddMenuItemView.swift in Sources */ = {isa = PBXBuildFile; fileRef = 7F74E9B1226F9BB600258E29 /* AddMenuItemView.swift */; };
		7F74E9B4226FA0E900258E29 /* OrderPageFooterView.swift in Sources */ = {isa = PBXBuildFile; fileRef = 7F74E9B3226FA0E900258E29 /* OrderPageFooterView.swift */; };
		7F89CEEC222F02DD001B7613 /* AddNewTableCollectionViewController.swift in Sources */ = {isa = PBXBuildFile; fileRef = 7F89CEEB222F02DD001B7613 /* AddNewTableCollectionViewController.swift */; };
		7F89CEEE222F070C001B7613 /* HeaderView.swift in Sources */ = {isa = PBXBuildFile; fileRef = 7F89CEED222F070C001B7613 /* HeaderView.swift */; };
		7F89CEF0222F2DE7001B7613 /* OrderPageViewController.swift in Sources */ = {isa = PBXBuildFile; fileRef = 7F89CEEF222F2DE7001B7613 /* OrderPageViewController.swift */; };
		7F89CEF2222F2EC3001B7613 /* OrderPageTableViewCell.swift in Sources */ = {isa = PBXBuildFile; fileRef = 7F89CEF1222F2EC3001B7613 /* OrderPageTableViewCell.swift */; };
		7F89CEF422303E6F001B7613 /* OrderTableHeaderView.swift in Sources */ = {isa = PBXBuildFile; fileRef = 7F89CEF322303E6F001B7613 /* OrderTableHeaderView.swift */; };
		7F95630D22189D8800B78A0F /* MenuItemsTableViewCell.swift in Sources */ = {isa = PBXBuildFile; fileRef = 7F95630C22189D8800B78A0F /* MenuItemsTableViewCell.swift */; };
		7F95630F2218ADAC00B78A0F /* MenuITem.swift in Sources */ = {isa = PBXBuildFile; fileRef = 7F95630E2218ADAC00B78A0F /* MenuITem.swift */; };
		7F9B23322227518C00BE6B94 /* QuantityView.swift in Sources */ = {isa = PBXBuildFile; fileRef = 7F9B23312227518C00BE6B94 /* QuantityView.swift */; };
		7F9B23362229A25400BE6B94 /* AddItemViewController.swift in Sources */ = {isa = PBXBuildFile; fileRef = 7F9B23352229A25400BE6B94 /* AddItemViewController.swift */; };
		7F9B233A2229CB8B00BE6B94 /* AddNewTableCollectionViewCell.swift in Sources */ = {isa = PBXBuildFile; fileRef = 7F9B23392229CB8B00BE6B94 /* AddNewTableCollectionViewCell.swift */; };
		7FC85EB5225BCAC600C9FEC6 /* RestaurantViewController.swift in Sources */ = {isa = PBXBuildFile; fileRef = 7FC85EB4225BCAC600C9FEC6 /* RestaurantViewController.swift */; };
		7FD1602C22722EC0003286D6 /* EditTableViewController.swift in Sources */ = {isa = PBXBuildFile; fileRef = 7FD1602B22722EC0003286D6 /* EditTableViewController.swift */; };
		7FE6E25A220D1DF50052CD8B /* OngoingTablesViewController.swift in Sources */ = {isa = PBXBuildFile; fileRef = 7FE6E259220D1DF50052CD8B /* OngoingTablesViewController.swift */; };
		7FE6E25C220D1E100052CD8B /* OngoingTableViewCell.swift in Sources */ = {isa = PBXBuildFile; fileRef = 7FE6E25B220D1E100052CD8B /* OngoingTableViewCell.swift */; };
		7FE6E260220D2AB60052CD8B /* MenuViewController.swift in Sources */ = {isa = PBXBuildFile; fileRef = 7FE6E25F220D2AB60052CD8B /* MenuViewController.swift */; };
		7FEC4EAC2237604200F1D027 /* Order.swift in Sources */ = {isa = PBXBuildFile; fileRef = 7FEC4EAB2237604200F1D027 /* Order.swift */; };
/* End PBXBuildFile section */

/* Begin PBXContainerItemProxy section */
		7F66862E2204CA4200639C91 /* PBXContainerItemProxy */ = {
			isa = PBXContainerItemProxy;
			containerPortal = 7F6686112204CA3F00639C91 /* Project object */;
			proxyType = 1;
			remoteGlobalIDString = 7F6686182204CA3F00639C91;
			remoteInfo = "DineMe-Waiter";
		};
		7F6686392204CA4200639C91 /* PBXContainerItemProxy */ = {
			isa = PBXContainerItemProxy;
			containerPortal = 7F6686112204CA3F00639C91 /* Project object */;
			proxyType = 1;
			remoteGlobalIDString = 7F6686182204CA3F00639C91;
			remoteInfo = "DineMe-Waiter";
		};
/* End PBXContainerItemProxy section */

/* Begin PBXFileReference section */
		2D0B7EB918EAD4392D5A802E /* Pods_DineMe_Waiter.framework */ = {isa = PBXFileReference; explicitFileType = wrapper.framework; includeInIndex = 0; path = Pods_DineMe_Waiter.framework; sourceTree = BUILT_PRODUCTS_DIR; };
		4FB33FB922415F9000493528 /* WaiterProfileViewController.swift */ = {isa = PBXFileReference; lastKnownFileType = sourcecode.swift; path = WaiterProfileViewController.swift; sourceTree = "<group>"; };
		4FB33FBC2241601C00493528 /* Assets.xcassets */ = {isa = PBXFileReference; lastKnownFileType = folder.assetcatalog; path = Assets.xcassets; sourceTree = "<group>"; };
		7F24EE712231BB2E00B5676B /* User.swift */ = {isa = PBXFileReference; lastKnownFileType = sourcecode.swift; path = User.swift; sourceTree = "<group>"; };
		7F336C8622402F8C00247E56 /* Encodable+Decodable.swift */ = {isa = PBXFileReference; lastKnownFileType = sourcecode.swift; path = "Encodable+Decodable.swift"; sourceTree = "<group>"; };
		7F336C882240747700247E56 /* Table.swift */ = {isa = PBXFileReference; lastKnownFileType = sourcecode.swift; path = Table.swift; sourceTree = "<group>"; };
		7F464E9E22246F71002C2DB5 /* CheckoutViewController.swift */ = {isa = PBXFileReference; lastKnownFileType = sourcecode.swift; path = CheckoutViewController.swift; sourceTree = "<group>"; };
		7F464EA022247AD6002C2DB5 /* OrderItemsTableViewCell.swift */ = {isa = PBXFileReference; lastKnownFileType = sourcecode.swift; path = OrderItemsTableViewCell.swift; sourceTree = "<group>"; };
		7F464EA42224A8E4002C2DB5 /* OrderItem.swift */ = {isa = PBXFileReference; lastKnownFileType = sourcecode.swift; path = OrderItem.swift; sourceTree = "<group>"; };
		7F464EA62224DC33002C2DB5 /* OrderSummaryView.swift */ = {isa = PBXFileReference; lastKnownFileType = sourcecode.swift; path = OrderSummaryView.swift; sourceTree = "<group>"; };
		7F464EAA2224EF30002C2DB5 /* CustomizedView.swift */ = {isa = PBXFileReference; lastKnownFileType = sourcecode.swift; path = CustomizedView.swift; sourceTree = "<group>"; };
		7F464EAE2226EAB3002C2DB5 /* OrderedItemsSummaryTableViewCell.swift */ = {isa = PBXFileReference; lastKnownFileType = sourcecode.swift; path = OrderedItemsSummaryTableViewCell.swift; sourceTree = "<group>"; };
		7F6686192204CA3F00639C91 /* DineMe-Waiter.app */ = {isa = PBXFileReference; explicitFileType = wrapper.application; includeInIndex = 0; path = "DineMe-Waiter.app"; sourceTree = BUILT_PRODUCTS_DIR; };
		7F66861C2204CA3F00639C91 /* AppDelegate.swift */ = {isa = PBXFileReference; lastKnownFileType = sourcecode.swift; path = AppDelegate.swift; sourceTree = "<group>"; };
		7F66861E2204CA3F00639C91 /* LoginViewController.swift */ = {isa = PBXFileReference; lastKnownFileType = sourcecode.swift; path = LoginViewController.swift; sourceTree = "<group>"; };
		7F6686212204CA3F00639C91 /* Base */ = {isa = PBXFileReference; lastKnownFileType = file.storyboard; name = Base; path = Base.lproj/Main.storyboard; sourceTree = "<group>"; };
		7F6686262204CA4200639C91 /* Base */ = {isa = PBXFileReference; lastKnownFileType = file.storyboard; name = Base; path = Base.lproj/LaunchScreen.storyboard; sourceTree = "<group>"; };
		7F6686282204CA4200639C91 /* Info.plist */ = {isa = PBXFileReference; lastKnownFileType = text.plist.xml; path = Info.plist; sourceTree = "<group>"; };
		7F66862D2204CA4200639C91 /* DineMe-WaiterTests.xctest */ = {isa = PBXFileReference; explicitFileType = wrapper.cfbundle; includeInIndex = 0; path = "DineMe-WaiterTests.xctest"; sourceTree = BUILT_PRODUCTS_DIR; };
		7F6686312204CA4200639C91 /* DineMe_WaiterTests.swift */ = {isa = PBXFileReference; lastKnownFileType = sourcecode.swift; path = DineMe_WaiterTests.swift; sourceTree = "<group>"; };
		7F6686332204CA4200639C91 /* Info.plist */ = {isa = PBXFileReference; lastKnownFileType = text.plist.xml; path = Info.plist; sourceTree = "<group>"; };
		7F6686382204CA4200639C91 /* DineMe-WaiterUITests.xctest */ = {isa = PBXFileReference; explicitFileType = wrapper.cfbundle; includeInIndex = 0; path = "DineMe-WaiterUITests.xctest"; sourceTree = BUILT_PRODUCTS_DIR; };
		7F66863C2204CA4200639C91 /* DineMe_WaiterUITests.swift */ = {isa = PBXFileReference; lastKnownFileType = sourcecode.swift; path = DineMe_WaiterUITests.swift; sourceTree = "<group>"; };
		7F66863E2204CA4200639C91 /* Info.plist */ = {isa = PBXFileReference; lastKnownFileType = text.plist.xml; path = Info.plist; sourceTree = "<group>"; };
		7F66864A2204CE1B00639C91 /* GoogleService-Info.plist */ = {isa = PBXFileReference; fileEncoding = 4; lastKnownFileType = text.plist.xml; path = "GoogleService-Info.plist"; sourceTree = "<group>"; };
		7F6D08B8220DBC5F00048577 /* MenuCollectionViewCell.swift */ = {isa = PBXFileReference; lastKnownFileType = sourcecode.swift; path = MenuCollectionViewCell.swift; sourceTree = "<group>"; };
		7F74E99F226F8C2300258E29 /* UIViewController.swift */ = {isa = PBXFileReference; lastKnownFileType = sourcecode.swift; path = UIViewController.swift; sourceTree = "<group>"; };
		7F74E9A1226F8C6E00258E29 /* Restaurant.swift */ = {isa = PBXFileReference; lastKnownFileType = sourcecode.swift; path = Restaurant.swift; sourceTree = "<group>"; };
		7F74E9A3226F8DC200258E29 /* Employee.swift */ = {isa = PBXFileReference; lastKnownFileType = sourcecode.swift; path = Employee.swift; sourceTree = "<group>"; };
		7F74E9A5226F8E1700258E29 /* Invite.swift */ = {isa = PBXFileReference; lastKnownFileType = sourcecode.swift; path = Invite.swift; sourceTree = "<group>"; };
		7F74E9A8226F8EF200258E29 /* RestaurantViewCell.swift */ = {isa = PBXFileReference; lastKnownFileType = sourcecode.swift; path = RestaurantViewCell.swift; sourceTree = "<group>"; };
		7F74E9AA226F8F4A00258E29 /* InvitesTableViewCell.swift */ = {isa = PBXFileReference; lastKnownFileType = sourcecode.swift; path = InvitesTableViewCell.swift; sourceTree = "<group>"; };
		7F74E9AC226F8F7700258E29 /* ButtonStackView.swift */ = {isa = PBXFileReference; lastKnownFileType = sourcecode.swift; path = ButtonStackView.swift; sourceTree = "<group>"; };
		7F74E9AF226F99AF00258E29 /* CustomToast.swift */ = {isa = PBXFileReference; lastKnownFileType = sourcecode.swift; path = CustomToast.swift; sourceTree = "<group>"; };
		7F74E9B1226F9BB600258E29 /* AddMenuItemView.swift */ = {isa = PBXFileReference; lastKnownFileType = sourcecode.swift; path = AddMenuItemView.swift; sourceTree = "<group>"; };
		7F74E9B3226FA0E900258E29 /* OrderPageFooterView.swift */ = {isa = PBXFileReference; lastKnownFileType = sourcecode.swift; path = OrderPageFooterView.swift; sourceTree = "<group>"; };
		7F89CEEB222F02DD001B7613 /* AddNewTableCollectionViewController.swift */ = {isa = PBXFileReference; lastKnownFileType = sourcecode.swift; path = AddNewTableCollectionViewController.swift; sourceTree = "<group>"; };
		7F89CEED222F070C001B7613 /* HeaderView.swift */ = {isa = PBXFileReference; lastKnownFileType = sourcecode.swift; path = HeaderView.swift; sourceTree = "<group>"; };
		7F89CEEF222F2DE7001B7613 /* OrderPageViewController.swift */ = {isa = PBXFileReference; lastKnownFileType = sourcecode.swift; path = OrderPageViewController.swift; sourceTree = "<group>"; };
		7F89CEF1222F2EC3001B7613 /* OrderPageTableViewCell.swift */ = {isa = PBXFileReference; lastKnownFileType = sourcecode.swift; path = OrderPageTableViewCell.swift; sourceTree = "<group>"; };
		7F89CEF322303E6F001B7613 /* OrderTableHeaderView.swift */ = {isa = PBXFileReference; lastKnownFileType = sourcecode.swift; path = OrderTableHeaderView.swift; sourceTree = "<group>"; };
		7F95630C22189D8800B78A0F /* MenuItemsTableViewCell.swift */ = {isa = PBXFileReference; lastKnownFileType = sourcecode.swift; path = MenuItemsTableViewCell.swift; sourceTree = "<group>"; };
		7F95630E2218ADAC00B78A0F /* MenuITem.swift */ = {isa = PBXFileReference; lastKnownFileType = sourcecode.swift; path = MenuITem.swift; sourceTree = "<group>"; };
		7F9B23312227518C00BE6B94 /* QuantityView.swift */ = {isa = PBXFileReference; lastKnownFileType = sourcecode.swift; path = QuantityView.swift; sourceTree = "<group>"; };
		7F9B23352229A25400BE6B94 /* AddItemViewController.swift */ = {isa = PBXFileReference; lastKnownFileType = sourcecode.swift; path = AddItemViewController.swift; sourceTree = "<group>"; };
		7F9B23392229CB8B00BE6B94 /* AddNewTableCollectionViewCell.swift */ = {isa = PBXFileReference; lastKnownFileType = sourcecode.swift; path = AddNewTableCollectionViewCell.swift; sourceTree = "<group>"; };
		7FC85EB4225BCAC600C9FEC6 /* RestaurantViewController.swift */ = {isa = PBXFileReference; lastKnownFileType = sourcecode.swift; path = RestaurantViewController.swift; sourceTree = "<group>"; };
		7FD1602B22722EC0003286D6 /* EditTableViewController.swift */ = {isa = PBXFileReference; lastKnownFileType = sourcecode.swift; path = EditTableViewController.swift; sourceTree = "<group>"; };
		7FE6E259220D1DF50052CD8B /* OngoingTablesViewController.swift */ = {isa = PBXFileReference; lastKnownFileType = sourcecode.swift; path = OngoingTablesViewController.swift; sourceTree = "<group>"; };
		7FE6E25B220D1E100052CD8B /* OngoingTableViewCell.swift */ = {isa = PBXFileReference; lastKnownFileType = sourcecode.swift; path = OngoingTableViewCell.swift; sourceTree = "<group>"; };
		7FE6E25F220D2AB60052CD8B /* MenuViewController.swift */ = {isa = PBXFileReference; lastKnownFileType = sourcecode.swift; path = MenuViewController.swift; sourceTree = "<group>"; };
		7FEC4EAB2237604200F1D027 /* Order.swift */ = {isa = PBXFileReference; lastKnownFileType = sourcecode.swift; path = Order.swift; sourceTree = "<group>"; };
		91376F2291D53B87658A9F5A /* Pods-DineMe-Waiter.debug.xcconfig */ = {isa = PBXFileReference; includeInIndex = 1; lastKnownFileType = text.xcconfig; name = "Pods-DineMe-Waiter.debug.xcconfig"; path = "Pods/Target Support Files/Pods-DineMe-Waiter/Pods-DineMe-Waiter.debug.xcconfig"; sourceTree = "<group>"; };
		B58904EF70F8BB0AFC069706 /* Pods-DineMe-Waiter.release.xcconfig */ = {isa = PBXFileReference; includeInIndex = 1; lastKnownFileType = text.xcconfig; name = "Pods-DineMe-Waiter.release.xcconfig"; path = "Pods/Target Support Files/Pods-DineMe-Waiter/Pods-DineMe-Waiter.release.xcconfig"; sourceTree = "<group>"; };
/* End PBXFileReference section */

/* Begin PBXFrameworksBuildPhase section */
		7F6686162204CA3F00639C91 /* Frameworks */ = {
			isa = PBXFrameworksBuildPhase;
			buildActionMask = 2147483647;
			files = (
				0F847A22E1DD7234A321DCEF /* Pods_DineMe_Waiter.framework in Frameworks */,
			);
			runOnlyForDeploymentPostprocessing = 0;
		};
		7F66862A2204CA4200639C91 /* Frameworks */ = {
			isa = PBXFrameworksBuildPhase;
			buildActionMask = 2147483647;
			files = (
			);
			runOnlyForDeploymentPostprocessing = 0;
		};
		7F6686352204CA4200639C91 /* Frameworks */ = {
			isa = PBXFrameworksBuildPhase;
			buildActionMask = 2147483647;
			files = (
			);
			runOnlyForDeploymentPostprocessing = 0;
		};
/* End PBXFrameworksBuildPhase section */

/* Begin PBXGroup section */
		2117E6C501C18B0035BDC18A /* Frameworks */ = {
			isa = PBXGroup;
			children = (
				2D0B7EB918EAD4392D5A802E /* Pods_DineMe_Waiter.framework */,
			);
			name = Frameworks;
			sourceTree = "<group>";
		};
		47B740123B9EE25FCA5F7AAE /* Pods */ = {
			isa = PBXGroup;
			children = (
				91376F2291D53B87658A9F5A /* Pods-DineMe-Waiter.debug.xcconfig */,
				B58904EF70F8BB0AFC069706 /* Pods-DineMe-Waiter.release.xcconfig */,
			);
			name = Pods;
			sourceTree = "<group>";
		};
		4EE58FA22204D33300918778 /* Controllers */ = {
			isa = PBXGroup;
			children = (
				7F66861E2204CA3F00639C91 /* LoginViewController.swift */,
				7FE6E259220D1DF50052CD8B /* OngoingTablesViewController.swift */,
				7FE6E25F220D2AB60052CD8B /* MenuViewController.swift */,
				7F464E9E22246F71002C2DB5 /* CheckoutViewController.swift */,
				7F9B23352229A25400BE6B94 /* AddItemViewController.swift */,
				7F89CEEB222F02DD001B7613 /* AddNewTableCollectionViewController.swift */,
				7F89CEEF222F2DE7001B7613 /* OrderPageViewController.swift */,
				4FB33FB922415F9000493528 /* WaiterProfileViewController.swift */,
				7FC85EB4225BCAC600C9FEC6 /* RestaurantViewController.swift */,
				7FD1602B22722EC0003286D6 /* EditTableViewController.swift */,
			);
			path = Controllers;
			sourceTree = "<group>";
		};
		7F336C8522402F7300247E56 /* Extensions */ = {
			isa = PBXGroup;
			children = (
				7F336C8622402F8C00247E56 /* Encodable+Decodable.swift */,
				7F74E99F226F8C2300258E29 /* UIViewController.swift */,
			);
			path = Extensions;
			sourceTree = "<group>";
		};
		7F6686102204CA3F00639C91 = {
			isa = PBXGroup;
			children = (
				7F66861B2204CA3F00639C91 /* DineMe-Waiter */,
				7F6686302204CA4200639C91 /* DineMe-WaiterTests */,
				7F66863B2204CA4200639C91 /* DineMe-WaiterUITests */,
				7F66861A2204CA3F00639C91 /* Products */,
				47B740123B9EE25FCA5F7AAE /* Pods */,
				2117E6C501C18B0035BDC18A /* Frameworks */,
			);
			sourceTree = "<group>";
		};
		7F66861A2204CA3F00639C91 /* Products */ = {
			isa = PBXGroup;
			children = (
				7F6686192204CA3F00639C91 /* DineMe-Waiter.app */,
				7F66862D2204CA4200639C91 /* DineMe-WaiterTests.xctest */,
				7F6686382204CA4200639C91 /* DineMe-WaiterUITests.xctest */,
			);
			name = Products;
			sourceTree = "<group>";
		};
		7F66861B2204CA3F00639C91 /* DineMe-Waiter */ = {
			isa = PBXGroup;
			children = (
				7F336C8522402F7300247E56 /* Extensions */,
				7FE6E258220D1DD90052CD8B /* View */,
				7FE6E257220D1DD40052CD8B /* Model */,
				4EE58FA22204D33300918778 /* Controllers */,
				7F66861C2204CA3F00639C91 /* AppDelegate.swift */,
				7F6686202204CA3F00639C91 /* Main.storyboard */,
				7F6686252204CA4200639C91 /* LaunchScreen.storyboard */,
				7F6686282204CA4200639C91 /* Info.plist */,
				7F66864A2204CE1B00639C91 /* GoogleService-Info.plist */,
				4FB33FBC2241601C00493528 /* Assets.xcassets */,
			);
			path = "DineMe-Waiter";
			sourceTree = "<group>";
		};
		7F6686302204CA4200639C91 /* DineMe-WaiterTests */ = {
			isa = PBXGroup;
			children = (
				7F6686312204CA4200639C91 /* DineMe_WaiterTests.swift */,
				7F6686332204CA4200639C91 /* Info.plist */,
			);
			path = "DineMe-WaiterTests";
			sourceTree = "<group>";
		};
		7F66863B2204CA4200639C91 /* DineMe-WaiterUITests */ = {
			isa = PBXGroup;
			children = (
				7F66863C2204CA4200639C91 /* DineMe_WaiterUITests.swift */,
				7F66863E2204CA4200639C91 /* Info.plist */,
			);
			path = "DineMe-WaiterUITests";
			sourceTree = "<group>";
		};
		7F74E9A7226F8EC900258E29 /* Restaurants Page */ = {
			isa = PBXGroup;
			children = (
				7F74E9A8226F8EF200258E29 /* RestaurantViewCell.swift */,
				7F74E9AA226F8F4A00258E29 /* InvitesTableViewCell.swift */,
				7F74E9AC226F8F7700258E29 /* ButtonStackView.swift */,
			);
			path = "Restaurants Page";
			sourceTree = "<group>";
		};
		7F74E9AE226F99A300258E29 /* Toast */ = {
			isa = PBXGroup;
			children = (
				7F74E9AF226F99AF00258E29 /* CustomToast.swift */,
			);
			path = Toast;
			sourceTree = "<group>";
		};
		7FBD249F224E9E26006D78DC /* OngoingTabelsPage */ = {
			isa = PBXGroup;
			children = (
				7FE6E25B220D1E100052CD8B /* OngoingTableViewCell.swift */,
			);
			path = OngoingTabelsPage;
			sourceTree = "<group>";
		};
		7FBD24A0224E9E48006D78DC /* MenuPage */ = {
			isa = PBXGroup;
			children = (
				7F6D08B8220DBC5F00048577 /* MenuCollectionViewCell.swift */,
				7F95630C22189D8800B78A0F /* MenuItemsTableViewCell.swift */,
			);
			path = MenuPage;
			sourceTree = "<group>";
		};
		7FBD24A1224E9EE7006D78DC /* OrderPage */ = {
			isa = PBXGroup;
			children = (
				7F89CEF322303E6F001B7613 /* OrderTableHeaderView.swift */,
				7F89CEF1222F2EC3001B7613 /* OrderPageTableViewCell.swift */,
				7F74E9B3226FA0E900258E29 /* OrderPageFooterView.swift */,
			);
			path = OrderPage;
			sourceTree = "<group>";
		};
		7FBD24A2224E9EF9006D78DC /* AddNewTablePage */ = {
			isa = PBXGroup;
			children = (
				7F9B23392229CB8B00BE6B94 /* AddNewTableCollectionViewCell.swift */,
				7F89CEED222F070C001B7613 /* HeaderView.swift */,
			);
			path = AddNewTablePage;
			sourceTree = "<group>";
		};
		7FBD24A3224E9F0B006D78DC /* CheckoutPage */ = {
			isa = PBXGroup;
			children = (
				7F464EA62224DC33002C2DB5 /* OrderSummaryView.swift */,
				7F464EAA2224EF30002C2DB5 /* CustomizedView.swift */,
				7F464EAE2226EAB3002C2DB5 /* OrderedItemsSummaryTableViewCell.swift */,
				7F464EA022247AD6002C2DB5 /* OrderItemsTableViewCell.swift */,
			);
			path = CheckoutPage;
			sourceTree = "<group>";
		};
		7FBD24A4224E9F8D006D78DC /* AddMenuItemPage */ = {
			isa = PBXGroup;
			children = (
				7F9B23312227518C00BE6B94 /* QuantityView.swift */,
				7F74E9B1226F9BB600258E29 /* AddMenuItemView.swift */,
			);
			path = AddMenuItemPage;
			sourceTree = "<group>";
		};
		7FE6E257220D1DD40052CD8B /* Model */ = {
			isa = PBXGroup;
			children = (
				7F95630E2218ADAC00B78A0F /* MenuITem.swift */,
				7F464EA42224A8E4002C2DB5 /* OrderItem.swift */,
				7F24EE712231BB2E00B5676B /* User.swift */,
				7FEC4EAB2237604200F1D027 /* Order.swift */,
				7F336C882240747700247E56 /* Table.swift */,
				7F74E9A1226F8C6E00258E29 /* Restaurant.swift */,
				7F74E9A3226F8DC200258E29 /* Employee.swift */,
				7F74E9A5226F8E1700258E29 /* Invite.swift */,
			);
			path = Model;
			sourceTree = "<group>";
		};
		7FE6E258220D1DD90052CD8B /* View */ = {
			isa = PBXGroup;
			children = (
				7F74E9AE226F99A300258E29 /* Toast */,
				7F74E9A7226F8EC900258E29 /* Restaurants Page */,
				7FBD24A4224E9F8D006D78DC /* AddMenuItemPage */,
				7FBD24A3224E9F0B006D78DC /* CheckoutPage */,
				7FBD24A2224E9EF9006D78DC /* AddNewTablePage */,
				7FBD24A1224E9EE7006D78DC /* OrderPage */,
				7FBD24A0224E9E48006D78DC /* MenuPage */,
				7FBD249F224E9E26006D78DC /* OngoingTabelsPage */,
			);
			path = View;
			sourceTree = "<group>";
		};
/* End PBXGroup section */

/* Begin PBXNativeTarget section */
		7F6686182204CA3F00639C91 /* DineMe-Waiter */ = {
			isa = PBXNativeTarget;
			buildConfigurationList = 7F6686412204CA4200639C91 /* Build configuration list for PBXNativeTarget "DineMe-Waiter" */;
			buildPhases = (
				F0DCD813E107A3B0AC528AC5 /* [CP] Check Pods Manifest.lock */,
				7F6686152204CA3F00639C91 /* Sources */,
				7F6686162204CA3F00639C91 /* Frameworks */,
				7F6686172204CA3F00639C91 /* Resources */,
				63D3F175121F5650528BD1C8 /* [CP] Embed Pods Frameworks */,
				68ADE1FF923275359A7A82F4 /* [CP] Copy Pods Resources */,
				3B6BD16900BBFFA3404A548A /* [CP] Copy Pods Resources */,
			);
			buildRules = (
			);
			dependencies = (
			);
			name = "DineMe-Waiter";
			productName = "DineMe-Waiter";
			productReference = 7F6686192204CA3F00639C91 /* DineMe-Waiter.app */;
			productType = "com.apple.product-type.application";
		};
		7F66862C2204CA4200639C91 /* DineMe-WaiterTests */ = {
			isa = PBXNativeTarget;
			buildConfigurationList = 7F6686442204CA4200639C91 /* Build configuration list for PBXNativeTarget "DineMe-WaiterTests" */;
			buildPhases = (
				7F6686292204CA4200639C91 /* Sources */,
				7F66862A2204CA4200639C91 /* Frameworks */,
				7F66862B2204CA4200639C91 /* Resources */,
			);
			buildRules = (
			);
			dependencies = (
				7F66862F2204CA4200639C91 /* PBXTargetDependency */,
			);
			name = "DineMe-WaiterTests";
			productName = "DineMe-WaiterTests";
			productReference = 7F66862D2204CA4200639C91 /* DineMe-WaiterTests.xctest */;
			productType = "com.apple.product-type.bundle.unit-test";
		};
		7F6686372204CA4200639C91 /* DineMe-WaiterUITests */ = {
			isa = PBXNativeTarget;
			buildConfigurationList = 7F6686472204CA4200639C91 /* Build configuration list for PBXNativeTarget "DineMe-WaiterUITests" */;
			buildPhases = (
				7F6686342204CA4200639C91 /* Sources */,
				7F6686352204CA4200639C91 /* Frameworks */,
				7F6686362204CA4200639C91 /* Resources */,
			);
			buildRules = (
			);
			dependencies = (
				7F66863A2204CA4200639C91 /* PBXTargetDependency */,
			);
			name = "DineMe-WaiterUITests";
			productName = "DineMe-WaiterUITests";
			productReference = 7F6686382204CA4200639C91 /* DineMe-WaiterUITests.xctest */;
			productType = "com.apple.product-type.bundle.ui-testing";
		};
/* End PBXNativeTarget section */

/* Begin PBXProject section */
		7F6686112204CA3F00639C91 /* Project object */ = {
			isa = PBXProject;
			attributes = {
				LastSwiftUpdateCheck = 1000;
				LastUpgradeCheck = 1000;
				ORGANIZATIONNAME = Esper;
				TargetAttributes = {
					7F6686182204CA3F00639C91 = {
						CreatedOnToolsVersion = 10.0;
					};
					7F66862C2204CA4200639C91 = {
						CreatedOnToolsVersion = 10.0;
						TestTargetID = 7F6686182204CA3F00639C91;
					};
					7F6686372204CA4200639C91 = {
						CreatedOnToolsVersion = 10.0;
						TestTargetID = 7F6686182204CA3F00639C91;
					};
				};
			};
			buildConfigurationList = 7F6686142204CA3F00639C91 /* Build configuration list for PBXProject "DineMe-Waiter" */;
			compatibilityVersion = "Xcode 9.3";
			developmentRegion = en;
			hasScannedForEncodings = 0;
			knownRegions = (
				en,
				Base,
			);
			mainGroup = 7F6686102204CA3F00639C91;
			productRefGroup = 7F66861A2204CA3F00639C91 /* Products */;
			projectDirPath = "";
			projectRoot = "";
			targets = (
				7F6686182204CA3F00639C91 /* DineMe-Waiter */,
				7F66862C2204CA4200639C91 /* DineMe-WaiterTests */,
				7F6686372204CA4200639C91 /* DineMe-WaiterUITests */,
			);
		};
/* End PBXProject section */

/* Begin PBXResourcesBuildPhase section */
		7F6686172204CA3F00639C91 /* Resources */ = {
			isa = PBXResourcesBuildPhase;
			buildActionMask = 2147483647;
			files = (
				7F6686272204CA4200639C91 /* LaunchScreen.storyboard in Resources */,
				7F66864B2204CE1B00639C91 /* GoogleService-Info.plist in Resources */,
				4FB33FBD2241601C00493528 /* Assets.xcassets in Resources */,
				7F6686222204CA3F00639C91 /* Main.storyboard in Resources */,
			);
			runOnlyForDeploymentPostprocessing = 0;
		};
		7F66862B2204CA4200639C91 /* Resources */ = {
			isa = PBXResourcesBuildPhase;
			buildActionMask = 2147483647;
			files = (
			);
			runOnlyForDeploymentPostprocessing = 0;
		};
		7F6686362204CA4200639C91 /* Resources */ = {
			isa = PBXResourcesBuildPhase;
			buildActionMask = 2147483647;
			files = (
			);
			runOnlyForDeploymentPostprocessing = 0;
		};
/* End PBXResourcesBuildPhase section */

/* Begin PBXShellScriptBuildPhase section */
		3B6BD16900BBFFA3404A548A /* [CP] Copy Pods Resources */ = {
			isa = PBXShellScriptBuildPhase;
			buildActionMask = 2147483647;
			files = (
			);
			inputPaths = (
				"${SRCROOT}/Pods/Target Support Files/Pods-DineMe-Waiter/Pods-DineMe-Waiter-resources.sh",
				"${PODS_CONFIGURATION_BUILD_DIR}/FirebaseFirestore/gRPCCertificates.bundle",
			);
			name = "[CP] Copy Pods Resources";
			outputPaths = (
				"${TARGET_BUILD_DIR}/${UNLOCALIZED_RESOURCES_FOLDER_PATH}/gRPCCertificates.bundle",
			);
			runOnlyForDeploymentPostprocessing = 0;
			shellPath = /bin/sh;
			shellScript = "\"${SRCROOT}/Pods/Target Support Files/Pods-DineMe-Waiter/Pods-DineMe-Waiter-resources.sh\"\n";
			showEnvVarsInLog = 0;
		};
		63D3F175121F5650528BD1C8 /* [CP] Embed Pods Frameworks */ = {
			isa = PBXShellScriptBuildPhase;
			buildActionMask = 2147483647;
			files = (
			);
			inputPaths = (
				"${SRCROOT}/Pods/Target Support Files/Pods-DineMe-Waiter/Pods-DineMe-Waiter-frameworks.sh",
				"${BUILT_PRODUCTS_DIR}/Bolts/Bolts.framework",
				"${BUILT_PRODUCTS_DIR}/BoringSSL/openssl.framework",
				"${BUILT_PRODUCTS_DIR}/DropDown/DropDown.framework",
				"${BUILT_PRODUCTS_DIR}/FBSDKCoreKit/FBSDKCoreKit.framework",
				"${BUILT_PRODUCTS_DIR}/FBSDKLoginKit/FBSDKLoginKit.framework",
				"${BUILT_PRODUCTS_DIR}/FontAwesome.swift/FontAwesome_swift.framework",
				"${BUILT_PRODUCTS_DIR}/GTMSessionFetcher/GTMSessionFetcher.framework",
				"${BUILT_PRODUCTS_DIR}/GoogleToolboxForMac/GoogleToolboxForMac.framework",
				"${BUILT_PRODUCTS_DIR}/GoogleUtilities/GoogleUtilities.framework",
				"${BUILT_PRODUCTS_DIR}/Protobuf/Protobuf.framework",
				"${BUILT_PRODUCTS_DIR}/SDWebImage/SDWebImage.framework",
				"${PODS_ROOT}/TwitterCore/iOS/TwitterCore.framework",
				"${PODS_ROOT}/TwitterKit/iOS/TwitterKit.framework",
				"${BUILT_PRODUCTS_DIR}/gRPC-C++/grpcpp.framework",
				"${BUILT_PRODUCTS_DIR}/gRPC-Core/grpc.framework",
				"${BUILT_PRODUCTS_DIR}/leveldb-library/leveldb.framework",
				"${BUILT_PRODUCTS_DIR}/nanopb/nanopb.framework",
			);
			name = "[CP] Embed Pods Frameworks";
			outputPaths = (
				"${TARGET_BUILD_DIR}/${FRAMEWORKS_FOLDER_PATH}/Bolts.framework",
				"${TARGET_BUILD_DIR}/${FRAMEWORKS_FOLDER_PATH}/openssl.framework",
				"${TARGET_BUILD_DIR}/${FRAMEWORKS_FOLDER_PATH}/DropDown.framework",
				"${TARGET_BUILD_DIR}/${FRAMEWORKS_FOLDER_PATH}/FBSDKCoreKit.framework",
				"${TARGET_BUILD_DIR}/${FRAMEWORKS_FOLDER_PATH}/FBSDKLoginKit.framework",
				"${TARGET_BUILD_DIR}/${FRAMEWORKS_FOLDER_PATH}/FontAwesome_swift.framework",
				"${TARGET_BUILD_DIR}/${FRAMEWORKS_FOLDER_PATH}/GTMSessionFetcher.framework",
				"${TARGET_BUILD_DIR}/${FRAMEWORKS_FOLDER_PATH}/GoogleToolboxForMac.framework",
				"${TARGET_BUILD_DIR}/${FRAMEWORKS_FOLDER_PATH}/GoogleUtilities.framework",
				"${TARGET_BUILD_DIR}/${FRAMEWORKS_FOLDER_PATH}/Protobuf.framework",
				"${TARGET_BUILD_DIR}/${FRAMEWORKS_FOLDER_PATH}/SDWebImage.framework",
				"${TARGET_BUILD_DIR}/${FRAMEWORKS_FOLDER_PATH}/TwitterCore.framework",
				"${TARGET_BUILD_DIR}/${FRAMEWORKS_FOLDER_PATH}/TwitterKit.framework",
				"${TARGET_BUILD_DIR}/${FRAMEWORKS_FOLDER_PATH}/grpcpp.framework",
				"${TARGET_BUILD_DIR}/${FRAMEWORKS_FOLDER_PATH}/grpc.framework",
				"${TARGET_BUILD_DIR}/${FRAMEWORKS_FOLDER_PATH}/leveldb.framework",
				"${TARGET_BUILD_DIR}/${FRAMEWORKS_FOLDER_PATH}/nanopb.framework",
			);
			runOnlyForDeploymentPostprocessing = 0;
			shellPath = /bin/sh;
			shellScript = "\"${SRCROOT}/Pods/Target Support Files/Pods-DineMe-Waiter/Pods-DineMe-Waiter-frameworks.sh\"\n";
			showEnvVarsInLog = 0;
		};
		68ADE1FF923275359A7A82F4 /* [CP] Copy Pods Resources */ = {
			isa = PBXShellScriptBuildPhase;
			buildActionMask = 2147483647;
			files = (
			);
			inputPaths = (
				"${SRCROOT}/Pods/Target Support Files/Pods-DineMe-Waiter/Pods-DineMe-Waiter-resources.sh",
				"${PODS_CONFIGURATION_BUILD_DIR}/FirebaseFirestore/gRPCCertificates.bundle",
				"${PODS_CONFIGURATION_BUILD_DIR}/FirebaseUI/FirebaseAnonymousAuthUI.bundle",
				"${PODS_CONFIGURATION_BUILD_DIR}/FirebaseUI/FirebaseAuthUI.bundle",
				"${PODS_CONFIGURATION_BUILD_DIR}/FirebaseUI/FirebaseFacebookAuthUI.bundle",
				"${PODS_CONFIGURATION_BUILD_DIR}/FirebaseUI/FirebaseGoogleAuthUI.bundle",
				"${PODS_CONFIGURATION_BUILD_DIR}/FirebaseUI/FirebasePhoneAuthUI.bundle",
				"${PODS_CONFIGURATION_BUILD_DIR}/FirebaseUI/FirebaseTwitterAuthUI.bundle",
				"${PODS_ROOT}/GoogleSignIn/Resources/GoogleSignIn.bundle",
				"${PODS_ROOT}/TwitterKit/iOS/TwitterKit.framework/TwitterKitResources.bundle",
			);
			name = "[CP] Copy Pods Resources";
			outputPaths = (
				"${TARGET_BUILD_DIR}/${UNLOCALIZED_RESOURCES_FOLDER_PATH}/gRPCCertificates.bundle",
				"${TARGET_BUILD_DIR}/${UNLOCALIZED_RESOURCES_FOLDER_PATH}/FirebaseAnonymousAuthUI.bundle",
				"${TARGET_BUILD_DIR}/${UNLOCALIZED_RESOURCES_FOLDER_PATH}/FirebaseAuthUI.bundle",
				"${TARGET_BUILD_DIR}/${UNLOCALIZED_RESOURCES_FOLDER_PATH}/FirebaseFacebookAuthUI.bundle",
				"${TARGET_BUILD_DIR}/${UNLOCALIZED_RESOURCES_FOLDER_PATH}/FirebaseGoogleAuthUI.bundle",
				"${TARGET_BUILD_DIR}/${UNLOCALIZED_RESOURCES_FOLDER_PATH}/FirebasePhoneAuthUI.bundle",
				"${TARGET_BUILD_DIR}/${UNLOCALIZED_RESOURCES_FOLDER_PATH}/FirebaseTwitterAuthUI.bundle",
				"${TARGET_BUILD_DIR}/${UNLOCALIZED_RESOURCES_FOLDER_PATH}/GoogleSignIn.bundle",
				"${TARGET_BUILD_DIR}/${UNLOCALIZED_RESOURCES_FOLDER_PATH}/TwitterKitResources.bundle",
			);
			runOnlyForDeploymentPostprocessing = 0;
			shellPath = /bin/sh;
			shellScript = "\"${SRCROOT}/Pods/Target Support Files/Pods-DineMe-Waiter/Pods-DineMe-Waiter-resources.sh\"\n";
			showEnvVarsInLog = 0;
		};
		F0DCD813E107A3B0AC528AC5 /* [CP] Check Pods Manifest.lock */ = {
			isa = PBXShellScriptBuildPhase;
			buildActionMask = 2147483647;
			files = (
			);
			inputPaths = (
				"${PODS_PODFILE_DIR_PATH}/Podfile.lock",
				"${PODS_ROOT}/Manifest.lock",
			);
			name = "[CP] Check Pods Manifest.lock";
			outputPaths = (
				"$(DERIVED_FILE_DIR)/Pods-DineMe-Waiter-checkManifestLockResult.txt",
			);
			runOnlyForDeploymentPostprocessing = 0;
			shellPath = /bin/sh;
			shellScript = "diff \"${PODS_PODFILE_DIR_PATH}/Podfile.lock\" \"${PODS_ROOT}/Manifest.lock\" > /dev/null\nif [ $? != 0 ] ; then\n    # print error to STDERR\n    echo \"error: The sandbox is not in sync with the Podfile.lock. Run 'pod install' or update your CocoaPods installation.\" >&2\n    exit 1\nfi\n# This output is used by Xcode 'outputs' to avoid re-running this script phase.\necho \"SUCCESS\" > \"${SCRIPT_OUTPUT_FILE_0}\"\n";
			showEnvVarsInLog = 0;
		};
/* End PBXShellScriptBuildPhase section */

/* Begin PBXSourcesBuildPhase section */
		7F6686152204CA3F00639C91 /* Sources */ = {
			isa = PBXSourcesBuildPhase;
			buildActionMask = 2147483647;
			files = (
				7F74E9A0226F8C2300258E29 /* UIViewController.swift in Sources */,
				7F74E9B4226FA0E900258E29 /* OrderPageFooterView.swift in Sources */,
				7F6D08B9220DBC5F00048577 /* MenuCollectionViewCell.swift in Sources */,
				7FE6E260220D2AB60052CD8B /* MenuViewController.swift in Sources */,
				7F9B23322227518C00BE6B94 /* QuantityView.swift in Sources */,
				4FB33FBA22415F9000493528 /* WaiterProfileViewController.swift in Sources */,
				7F95630D22189D8800B78A0F /* MenuItemsTableViewCell.swift in Sources */,
				7F74E9AD226F8F7700258E29 /* ButtonStackView.swift in Sources */,
				7F464E9F22246F71002C2DB5 /* CheckoutViewController.swift in Sources */,
				7F74E9A4226F8DC200258E29 /* Employee.swift in Sources */,
				7F66861F2204CA3F00639C91 /* LoginViewController.swift in Sources */,
				7F9B23362229A25400BE6B94 /* AddItemViewController.swift in Sources */,
				7F74E9B2226F9BB600258E29 /* AddMenuItemView.swift in Sources */,
				7FD1602C22722EC0003286D6 /* EditTableViewController.swift in Sources */,
				7F89CEF2222F2EC3001B7613 /* OrderPageTableViewCell.swift in Sources */,
				7FC85EB5225BCAC600C9FEC6 /* RestaurantViewController.swift in Sources */,
				7F464EAF2226EAB3002C2DB5 /* OrderedItemsSummaryTableViewCell.swift in Sources */,
				7F89CEF0222F2DE7001B7613 /* OrderPageViewController.swift in Sources */,
				7F464EA52224A8E4002C2DB5 /* OrderItem.swift in Sources */,
				7F464EAB2224EF30002C2DB5 /* CustomizedView.swift in Sources */,
				7F464EA72224DC33002C2DB5 /* OrderSummaryView.swift in Sources */,
				7F464EA122247AD6002C2DB5 /* OrderItemsTableViewCell.swift in Sources */,
				7F74E9AB226F8F4A00258E29 /* InvitesTableViewCell.swift in Sources */,
				7F89CEEC222F02DD001B7613 /* AddNewTableCollectionViewController.swift in Sources */,
				7F336C8722402F8C00247E56 /* Encodable+Decodable.swift in Sources */,
				7F89CEF422303E6F001B7613 /* OrderTableHeaderView.swift in Sources */,
				7F74E9A2226F8C6E00258E29 /* Restaurant.swift in Sources */,
				7F74E9A6226F8E1700258E29 /* Invite.swift in Sources */,
				7FE6E25C220D1E100052CD8B /* OngoingTableViewCell.swift in Sources */,
				7F74E9A9226F8EF200258E29 /* RestaurantViewCell.swift in Sources */,
				7F95630F2218ADAC00B78A0F /* MenuITem.swift in Sources */,
				7FEC4EAC2237604200F1D027 /* Order.swift in Sources */,
				7F89CEEE222F070C001B7613 /* HeaderView.swift in Sources */,
				7F74E9B0226F99AF00258E29 /* CustomToast.swift in Sources */,
				7F66861D2204CA3F00639C91 /* AppDelegate.swift in Sources */,
				7F336C892240747700247E56 /* Table.swift in Sources */,
				7FE6E25A220D1DF50052CD8B /* OngoingTablesViewController.swift in Sources */,
				7F9B233A2229CB8B00BE6B94 /* AddNewTableCollectionViewCell.swift in Sources */,
				7F24EE722231BB2E00B5676B /* User.swift in Sources */,
			);
			runOnlyForDeploymentPostprocessing = 0;
		};
		7F6686292204CA4200639C91 /* Sources */ = {
			isa = PBXSourcesBuildPhase;
			buildActionMask = 2147483647;
			files = (
				7F6686322204CA4200639C91 /* DineMe_WaiterTests.swift in Sources */,
			);
			runOnlyForDeploymentPostprocessing = 0;
		};
		7F6686342204CA4200639C91 /* Sources */ = {
			isa = PBXSourcesBuildPhase;
			buildActionMask = 2147483647;
			files = (
				7F66863D2204CA4200639C91 /* DineMe_WaiterUITests.swift in Sources */,
			);
			runOnlyForDeploymentPostprocessing = 0;
		};
/* End PBXSourcesBuildPhase section */

/* Begin PBXTargetDependency section */
		7F66862F2204CA4200639C91 /* PBXTargetDependency */ = {
			isa = PBXTargetDependency;
			target = 7F6686182204CA3F00639C91 /* DineMe-Waiter */;
			targetProxy = 7F66862E2204CA4200639C91 /* PBXContainerItemProxy */;
		};
		7F66863A2204CA4200639C91 /* PBXTargetDependency */ = {
			isa = PBXTargetDependency;
			target = 7F6686182204CA3F00639C91 /* DineMe-Waiter */;
			targetProxy = 7F6686392204CA4200639C91 /* PBXContainerItemProxy */;
		};
/* End PBXTargetDependency section */

/* Begin PBXVariantGroup section */
		7F6686202204CA3F00639C91 /* Main.storyboard */ = {
			isa = PBXVariantGroup;
			children = (
				7F6686212204CA3F00639C91 /* Base */,
			);
			name = Main.storyboard;
			sourceTree = "<group>";
		};
		7F6686252204CA4200639C91 /* LaunchScreen.storyboard */ = {
			isa = PBXVariantGroup;
			children = (
				7F6686262204CA4200639C91 /* Base */,
			);
			name = LaunchScreen.storyboard;
			sourceTree = "<group>";
		};
/* End PBXVariantGroup section */

/* Begin XCBuildConfiguration section */
		7F66863F2204CA4200639C91 /* Debug */ = {
			isa = XCBuildConfiguration;
			buildSettings = {
				ALWAYS_SEARCH_USER_PATHS = NO;
				CLANG_ANALYZER_NONNULL = YES;
				CLANG_ANALYZER_NUMBER_OBJECT_CONVERSION = YES_AGGRESSIVE;
				CLANG_CXX_LANGUAGE_STANDARD = "gnu++14";
				CLANG_CXX_LIBRARY = "libc++";
				CLANG_ENABLE_MODULES = YES;
				CLANG_ENABLE_OBJC_ARC = YES;
				CLANG_ENABLE_OBJC_WEAK = YES;
				CLANG_WARN_BLOCK_CAPTURE_AUTORELEASING = YES;
				CLANG_WARN_BOOL_CONVERSION = YES;
				CLANG_WARN_COMMA = YES;
				CLANG_WARN_CONSTANT_CONVERSION = YES;
				CLANG_WARN_DEPRECATED_OBJC_IMPLEMENTATIONS = YES;
				CLANG_WARN_DIRECT_OBJC_ISA_USAGE = YES_ERROR;
				CLANG_WARN_DOCUMENTATION_COMMENTS = YES;
				CLANG_WARN_EMPTY_BODY = YES;
				CLANG_WARN_ENUM_CONVERSION = YES;
				CLANG_WARN_INFINITE_RECURSION = YES;
				CLANG_WARN_INT_CONVERSION = YES;
				CLANG_WARN_NON_LITERAL_NULL_CONVERSION = YES;
				CLANG_WARN_OBJC_IMPLICIT_RETAIN_SELF = YES;
				CLANG_WARN_OBJC_LITERAL_CONVERSION = YES;
				CLANG_WARN_OBJC_ROOT_CLASS = YES_ERROR;
				CLANG_WARN_RANGE_LOOP_ANALYSIS = YES;
				CLANG_WARN_STRICT_PROTOTYPES = YES;
				CLANG_WARN_SUSPICIOUS_MOVE = YES;
				CLANG_WARN_UNGUARDED_AVAILABILITY = YES_AGGRESSIVE;
				CLANG_WARN_UNREACHABLE_CODE = YES;
				CLANG_WARN__DUPLICATE_METHOD_MATCH = YES;
				CODE_SIGN_IDENTITY = "iPhone Developer";
				COPY_PHASE_STRIP = NO;
				DEBUG_INFORMATION_FORMAT = dwarf;
				ENABLE_STRICT_OBJC_MSGSEND = YES;
				ENABLE_TESTABILITY = YES;
				GCC_C_LANGUAGE_STANDARD = gnu11;
				GCC_DYNAMIC_NO_PIC = NO;
				GCC_NO_COMMON_BLOCKS = YES;
				GCC_OPTIMIZATION_LEVEL = 0;
				GCC_PREPROCESSOR_DEFINITIONS = (
					"DEBUG=1",
					"$(inherited)",
				);
				GCC_WARN_64_TO_32_BIT_CONVERSION = YES;
				GCC_WARN_ABOUT_RETURN_TYPE = YES_ERROR;
				GCC_WARN_UNDECLARED_SELECTOR = YES;
				GCC_WARN_UNINITIALIZED_AUTOS = YES_AGGRESSIVE;
				GCC_WARN_UNUSED_FUNCTION = YES;
				GCC_WARN_UNUSED_VARIABLE = YES;
				IPHONEOS_DEPLOYMENT_TARGET = 12.0;
				MTL_ENABLE_DEBUG_INFO = INCLUDE_SOURCE;
				MTL_FAST_MATH = YES;
				ONLY_ACTIVE_ARCH = YES;
				SDKROOT = iphoneos;
				SWIFT_ACTIVE_COMPILATION_CONDITIONS = DEBUG;
				SWIFT_OPTIMIZATION_LEVEL = "-Onone";
			};
			name = Debug;
		};
		7F6686402204CA4200639C91 /* Release */ = {
			isa = XCBuildConfiguration;
			buildSettings = {
				ALWAYS_SEARCH_USER_PATHS = NO;
				CLANG_ANALYZER_NONNULL = YES;
				CLANG_ANALYZER_NUMBER_OBJECT_CONVERSION = YES_AGGRESSIVE;
				CLANG_CXX_LANGUAGE_STANDARD = "gnu++14";
				CLANG_CXX_LIBRARY = "libc++";
				CLANG_ENABLE_MODULES = YES;
				CLANG_ENABLE_OBJC_ARC = YES;
				CLANG_ENABLE_OBJC_WEAK = YES;
				CLANG_WARN_BLOCK_CAPTURE_AUTORELEASING = YES;
				CLANG_WARN_BOOL_CONVERSION = YES;
				CLANG_WARN_COMMA = YES;
				CLANG_WARN_CONSTANT_CONVERSION = YES;
				CLANG_WARN_DEPRECATED_OBJC_IMPLEMENTATIONS = YES;
				CLANG_WARN_DIRECT_OBJC_ISA_USAGE = YES_ERROR;
				CLANG_WARN_DOCUMENTATION_COMMENTS = YES;
				CLANG_WARN_EMPTY_BODY = YES;
				CLANG_WARN_ENUM_CONVERSION = YES;
				CLANG_WARN_INFINITE_RECURSION = YES;
				CLANG_WARN_INT_CONVERSION = YES;
				CLANG_WARN_NON_LITERAL_NULL_CONVERSION = YES;
				CLANG_WARN_OBJC_IMPLICIT_RETAIN_SELF = YES;
				CLANG_WARN_OBJC_LITERAL_CONVERSION = YES;
				CLANG_WARN_OBJC_ROOT_CLASS = YES_ERROR;
				CLANG_WARN_RANGE_LOOP_ANALYSIS = YES;
				CLANG_WARN_STRICT_PROTOTYPES = YES;
				CLANG_WARN_SUSPICIOUS_MOVE = YES;
				CLANG_WARN_UNGUARDED_AVAILABILITY = YES_AGGRESSIVE;
				CLANG_WARN_UNREACHABLE_CODE = YES;
				CLANG_WARN__DUPLICATE_METHOD_MATCH = YES;
				CODE_SIGN_IDENTITY = "iPhone Developer";
				COPY_PHASE_STRIP = NO;
				DEBUG_INFORMATION_FORMAT = "dwarf-with-dsym";
				ENABLE_NS_ASSERTIONS = NO;
				ENABLE_STRICT_OBJC_MSGSEND = YES;
				GCC_C_LANGUAGE_STANDARD = gnu11;
				GCC_NO_COMMON_BLOCKS = YES;
				GCC_WARN_64_TO_32_BIT_CONVERSION = YES;
				GCC_WARN_ABOUT_RETURN_TYPE = YES_ERROR;
				GCC_WARN_UNDECLARED_SELECTOR = YES;
				GCC_WARN_UNINITIALIZED_AUTOS = YES_AGGRESSIVE;
				GCC_WARN_UNUSED_FUNCTION = YES;
				GCC_WARN_UNUSED_VARIABLE = YES;
				IPHONEOS_DEPLOYMENT_TARGET = 12.0;
				MTL_ENABLE_DEBUG_INFO = NO;
				MTL_FAST_MATH = YES;
				SDKROOT = iphoneos;
				SWIFT_COMPILATION_MODE = wholemodule;
				SWIFT_OPTIMIZATION_LEVEL = "-O";
				VALIDATE_PRODUCT = YES;
			};
			name = Release;
		};
		7F6686422204CA4200639C91 /* Debug */ = {
			isa = XCBuildConfiguration;
			baseConfigurationReference = 91376F2291D53B87658A9F5A /* Pods-DineMe-Waiter.debug.xcconfig */;
			buildSettings = {
				ASSETCATALOG_COMPILER_APPICON_NAME = AppIcon;
				CODE_SIGN_STYLE = Automatic;
				DEVELOPMENT_TEAM = EJD538U5T2;
				INFOPLIST_FILE = "DineMe-Waiter/Info.plist";
				IPHONEOS_DEPLOYMENT_TARGET = 12.0;
				LD_RUNPATH_SEARCH_PATHS = (
					"$(inherited)",
					"@executable_path/Frameworks",
				);
				PRODUCT_BUNDLE_IDENTIFIER = "com.Shubham.DineMe-Waiter";
				PRODUCT_NAME = "$(TARGET_NAME)";
				SWIFT_VERSION = 4.2;
				TARGETED_DEVICE_FAMILY = "1,2";
			};
			name = Debug;
		};
		7F6686432204CA4200639C91 /* Release */ = {
			isa = XCBuildConfiguration;
			baseConfigurationReference = B58904EF70F8BB0AFC069706 /* Pods-DineMe-Waiter.release.xcconfig */;
			buildSettings = {
				ASSETCATALOG_COMPILER_APPICON_NAME = AppIcon;
				CODE_SIGN_STYLE = Automatic;
				DEVELOPMENT_TEAM = EJD538U5T2;
				INFOPLIST_FILE = "DineMe-Waiter/Info.plist";
				IPHONEOS_DEPLOYMENT_TARGET = 12.0;
				LD_RUNPATH_SEARCH_PATHS = (
					"$(inherited)",
					"@executable_path/Frameworks",
				);
				PRODUCT_BUNDLE_IDENTIFIER = "com.Shubham.DineMe-Waiter";
				PRODUCT_NAME = "$(TARGET_NAME)";
				SWIFT_VERSION = 4.2;
				TARGETED_DEVICE_FAMILY = "1,2";
			};
			name = Release;
		};
		7F6686452204CA4200639C91 /* Debug */ = {
			isa = XCBuildConfiguration;
			buildSettings = {
				ALWAYS_EMBED_SWIFT_STANDARD_LIBRARIES = YES;
				BUNDLE_LOADER = "$(TEST_HOST)";
				CODE_SIGN_STYLE = Automatic;
				DEVELOPMENT_TEAM = EJD538U5T2;
				INFOPLIST_FILE = "DineMe-WaiterTests/Info.plist";
				LD_RUNPATH_SEARCH_PATHS = (
					"$(inherited)",
					"@executable_path/Frameworks",
					"@loader_path/Frameworks",
				);
				PRODUCT_BUNDLE_IDENTIFIER = "com.Shubham.DineMe-WaiterTests";
				PRODUCT_NAME = "$(TARGET_NAME)";
				SWIFT_VERSION = 4.2;
				TARGETED_DEVICE_FAMILY = "1,2";
				TEST_HOST = "$(BUILT_PRODUCTS_DIR)/DineMe-Waiter.app/DineMe-Waiter";
			};
			name = Debug;
		};
		7F6686462204CA4200639C91 /* Release */ = {
			isa = XCBuildConfiguration;
			buildSettings = {
				ALWAYS_EMBED_SWIFT_STANDARD_LIBRARIES = YES;
				BUNDLE_LOADER = "$(TEST_HOST)";
				CODE_SIGN_STYLE = Automatic;
				DEVELOPMENT_TEAM = EJD538U5T2;
				INFOPLIST_FILE = "DineMe-WaiterTests/Info.plist";
				LD_RUNPATH_SEARCH_PATHS = (
					"$(inherited)",
					"@executable_path/Frameworks",
					"@loader_path/Frameworks",
				);
				PRODUCT_BUNDLE_IDENTIFIER = "com.Shubham.DineMe-WaiterTests";
				PRODUCT_NAME = "$(TARGET_NAME)";
				SWIFT_VERSION = 4.2;
				TARGETED_DEVICE_FAMILY = "1,2";
				TEST_HOST = "$(BUILT_PRODUCTS_DIR)/DineMe-Waiter.app/DineMe-Waiter";
			};
			name = Release;
		};
		7F6686482204CA4200639C91 /* Debug */ = {
			isa = XCBuildConfiguration;
			buildSettings = {
				ALWAYS_EMBED_SWIFT_STANDARD_LIBRARIES = YES;
				CODE_SIGN_STYLE = Automatic;
				DEVELOPMENT_TEAM = EJD538U5T2;
				INFOPLIST_FILE = "DineMe-WaiterUITests/Info.plist";
				LD_RUNPATH_SEARCH_PATHS = (
					"$(inherited)",
					"@executable_path/Frameworks",
					"@loader_path/Frameworks",
				);
				PRODUCT_BUNDLE_IDENTIFIER = "com.Shubham.DineMe-WaiterUITests";
				PRODUCT_NAME = "$(TARGET_NAME)";
				SWIFT_VERSION = 4.2;
				TARGETED_DEVICE_FAMILY = "1,2";
				TEST_TARGET_NAME = "DineMe-Waiter";
			};
			name = Debug;
		};
		7F6686492204CA4200639C91 /* Release */ = {
			isa = XCBuildConfiguration;
			buildSettings = {
				ALWAYS_EMBED_SWIFT_STANDARD_LIBRARIES = YES;
				CODE_SIGN_STYLE = Automatic;
				DEVELOPMENT_TEAM = EJD538U5T2;
				INFOPLIST_FILE = "DineMe-WaiterUITests/Info.plist";
				LD_RUNPATH_SEARCH_PATHS = (
					"$(inherited)",
					"@executable_path/Frameworks",
					"@loader_path/Frameworks",
				);
				PRODUCT_BUNDLE_IDENTIFIER = "com.Shubham.DineMe-WaiterUITests";
				PRODUCT_NAME = "$(TARGET_NAME)";
				SWIFT_VERSION = 4.2;
				TARGETED_DEVICE_FAMILY = "1,2";
				TEST_TARGET_NAME = "DineMe-Waiter";
			};
			name = Release;
		};
/* End XCBuildConfiguration section */

/* Begin XCConfigurationList section */
		7F6686142204CA3F00639C91 /* Build configuration list for PBXProject "DineMe-Waiter" */ = {
			isa = XCConfigurationList;
			buildConfigurations = (
				7F66863F2204CA4200639C91 /* Debug */,
				7F6686402204CA4200639C91 /* Release */,
			);
			defaultConfigurationIsVisible = 0;
			defaultConfigurationName = Release;
		};
		7F6686412204CA4200639C91 /* Build configuration list for PBXNativeTarget "DineMe-Waiter" */ = {
			isa = XCConfigurationList;
			buildConfigurations = (
				7F6686422204CA4200639C91 /* Debug */,
				7F6686432204CA4200639C91 /* Release */,
			);
			defaultConfigurationIsVisible = 0;
			defaultConfigurationName = Release;
		};
		7F6686442204CA4200639C91 /* Build configuration list for PBXNativeTarget "DineMe-WaiterTests" */ = {
			isa = XCConfigurationList;
			buildConfigurations = (
				7F6686452204CA4200639C91 /* Debug */,
				7F6686462204CA4200639C91 /* Release */,
			);
			defaultConfigurationIsVisible = 0;
			defaultConfigurationName = Release;
		};
		7F6686472204CA4200639C91 /* Build configuration list for PBXNativeTarget "DineMe-WaiterUITests" */ = {
			isa = XCConfigurationList;
			buildConfigurations = (
				7F6686482204CA4200639C91 /* Debug */,
				7F6686492204CA4200639C91 /* Release */,
			);
			defaultConfigurationIsVisible = 0;
			defaultConfigurationName = Release;
		};
/* End XCConfigurationList section */
	};
	rootObject = 7F6686112204CA3F00639C91 /* Project object */;
}
